
Microsoft Visual Studio Solution File, Format Version 12.00
# Visual Studio Version 17
VisualStudioVersion = 17.3.32929.385
MinimumVisualStudioVersion = 10.0.40219.1
Project("{8BC9CEB8-8B4A-11D0-8D11-00A0C91BC942}") = "Project1", "Project1.vcxproj", "{54FB7B90-8447-4888-A5C5-698422993564}"
EndProject
Project("{8BC9CEB8-8B4A-11D0-8D11-00A0C91BC942}") = "tpikies_labyrinth", "..\tpikies_labyrinth\tpikies_labyrinth.vcxproj", "{3AB057F9-4C9E-4123-B0FA-DC4D6EB7F9C6}"
EndProject
Project("{8BC9CEB8-8B4A-11D0-8D11-00A0C91BC942}") = "snake", "..\snake\snake.vcxproj", "{04805116-6642-479B-95BD-40F8F6240756}"
EndProject
Project("{8BC9CEB8-8B4A-11D0-8D11-00A0C91BC942}") = "WordStatistics", "..\WordStatistics\WordStatistics.vcxproj", "{7E825030-6B0C-4A7B-9708-9B0C75CC423D}"
EndProject
Project("{8BC9CEB8-8B4A-11D0-8D11-00A0C91BC942}") = "GoGame", "..\GoGame\GoGame.vcxproj", "{A3E7AE32-E7E3-4DF6-A179-2C97D0E01E0A}"
EndProject
Project("{8BC9CEB8-8B4A-11D0-8D11-00A0C91BC942}") = "Base64", "..\Base64\Base64.vcxproj", "{99BE597C-0D90-448E-A765-DE1A205E972D}"
EndProject
Project("{8BC9CEB8-8B4A-11D0-8D11-00A0C91BC942}") = "Base64_test", "..\ase64_test\ase64_test.vcxproj", "{338A6DED-B3C4-4294-ACDD-EB1435C01D08}"
EndProject
Global
	GlobalSection(SolutionConfigurationPlatforms) = preSolution
		Debug|x64 = Debug|x64
		Debug|x86 = Debug|x86
		Release|x64 = Release|x64
		Release|x86 = Release|x86
	EndGlobalSection
	GlobalSection(ProjectConfigurationPlatforms) = postSolution
		{54FB7B90-8447-4888-A5C5-698422993564}.Debug|x64.ActiveCfg = Debug|Win32
		{54FB7B90-8447-4888-A5C5-698422993564}.Debug|x64.Build.0 = Debug|Win32
		{54FB7B90-8447-4888-A5C5-698422993564}.Debug|x86.ActiveCfg = Debug|Win32
		{54FB7B90-8447-4888-A5C5-698422993564}.Debug|x86.Build.0 = Debug|Win32
		{54FB7B90-8447-4888-A5C5-698422993564}.Release|x64.ActiveCfg = Release|x64
		{54FB7B90-8447-4888-A5C5-698422993564}.Release|x64.Build.0 = Release|x64
		{54FB7B90-8447-4888-A5C5-698422993564}.Release|x86.ActiveCfg = Release|Win32
		{54FB7B90-8447-4888-A5C5-698422993564}.Release|x86.Build.0 = Release|Win32
		{3AB057F9-4C9E-4123-B0FA-DC4D6EB7F9C6}.Debug|x64.ActiveCfg = Debug|x64
		{3AB057F9-4C9E-4123-B0FA-DC4D6EB7F9C6}.Debug|x64.Build.0 = Debug|x64
		{3AB057F9-4C9E-4123-B0FA-DC4D6EB7F9C6}.Debug|x86.ActiveCfg = Debug|Win32
		{3AB057F9-4C9E-4123-B0FA-DC4D6EB7F9C6}.Debug|x86.Build.0 = Debug|Win32
		{3AB057F9-4C9E-4123-B0FA-DC4D6EB7F9C6}.Release|x64.ActiveCfg = Release|x64
		{3AB057F9-4C9E-4123-B0FA-DC4D6EB7F9C6}.Release|x64.Build.0 = Release|x64
		{3AB057F9-4C9E-4123-B0FA-DC4D6EB7F9C6}.Release|x86.ActiveCfg = Release|Win32
		{3AB057F9-4C9E-4123-B0FA-DC4D6EB7F9C6}.Release|x86.Build.0 = Release|Win32
		{04805116-6642-479B-95BD-40F8F6240756}.Debug|x64.ActiveCfg = Debug|x64
		{04805116-6642-479B-95BD-40F8F6240756}.Debug|x64.Build.0 = Debug|x64
		{04805116-6642-479B-95BD-40F8F6240756}.Debug|x86.ActiveCfg = Debug|Win32
		{04805116-6642-479B-95BD-40F8F6240756}.Debug|x86.Build.0 = Debug|Win32
		{04805116-6642-479B-95BD-40F8F6240756}.Release|x64.ActiveCfg = Release|x64
		{04805116-6642-479B-95BD-40F8F6240756}.Release|x64.Build.0 = Release|x64
		{04805116-6642-479B-95BD-40F8F6240756}.Release|x86.ActiveCfg = Release|Win32
		{04805116-6642-479B-95BD-40F8F6240756}.Release|x86.Build.0 = Release|Win32
		{7E825030-6B0C-4A7B-9708-9B0C75CC423D}.Debug|x64.ActiveCfg = Debug|x64
		{7E825030-6B0C-4A7B-9708-9B0C75CC423D}.Debug|x64.Build.0 = Debug|x64
		{7E825030-6B0C-4A7B-9708-9B0C75CC423D}.Debug|x86.ActiveCfg = Debug|Win32
		{7E825030-6B0C-4A7B-9708-9B0C75CC423D}.Debug|x86.Build.0 = Debug|Win32
		{7E825030-6B0C-4A7B-9708-9B0C75CC423D}.Release|x64.ActiveCfg = Release|x64
		{7E825030-6B0C-4A7B-9708-9B0C75CC423D}.Release|x64.Build.0 = Release|x64
		{7E825030-6B0C-4A7B-9708-9B0C75CC423D}.Release|x86.ActiveCfg = Release|Win32
		{7E825030-6B0C-4A7B-9708-9B0C75CC423D}.Release|x86.Build.0 = Release|Win32
		{A3E7AE32-E7E3-4DF6-A179-2C97D0E01E0A}.Debug|x64.ActiveCfg = Debug|x64
		{A3E7AE32-E7E3-4DF6-A179-2C97D0E01E0A}.Debug|x64.Build.0 = Debug|x64
		{A3E7AE32-E7E3-4DF6-A179-2C97D0E01E0A}.Debug|x86.ActiveCfg = Debug|Win32
		{A3E7AE32-E7E3-4DF6-A179-2C97D0E01E0A}.Debug|x86.Build.0 = Debug|Win32
		{A3E7AE32-E7E3-4DF6-A179-2C97D0E01E0A}.Release|x64.ActiveCfg = Release|x64
		{A3E7AE32-E7E3-4DF6-A179-2C97D0E01E0A}.Release|x64.Build.0 = Release|x64
		{A3E7AE32-E7E3-4DF6-A179-2C97D0E01E0A}.Release|x86.ActiveCfg = Release|Win32
		{A3E7AE32-E7E3-4DF6-A179-2C97D0E01E0A}.Release|x86.Build.0 = Release|Win32
		{99BE597C-0D90-448E-A765-DE1A205E972D}.Debug|x64.ActiveCfg = Debug|x64
		{99BE597C-0D90-448E-A765-DE1A205E972D}.Debug|x64.Build.0 = Debug|x64
		{99BE597C-0D90-448E-A765-DE1A205E972D}.Debug|x86.ActiveCfg = Debug|Win32
		{99BE597C-0D90-448E-A765-DE1A205E972D}.Debug|x86.Build.0 = Debug|Win32
		{99BE597C-0D90-448E-A765-DE1A205E972D}.Release|x64.ActiveCfg = Release|x64
		{99BE597C-0D90-448E-A765-DE1A205E972D}.Release|x64.Build.0 = Release|x64
		{99BE597C-0D90-448E-A765-DE1A205E972D}.Release|x86.ActiveCfg = Release|Win32
		{99BE597C-0D90-448E-A765-DE1A205E972D}.Release|x86.Build.0 = Release|Win32
		{338A6DED-B3C4-4294-ACDD-EB1435C01D08}.Debug|x64.ActiveCfg = Debug|x64
		{338A6DED-B3C4-4294-ACDD-EB1435C01D08}.Debug|x64.Build.0 = Debug|x64
		{338A6DED-B3C4-4294-ACDD-EB1435C01D08}.Debug|x86.ActiveCfg = Debug|Win32
		{338A6DED-B3C4-4294-ACDD-EB1435C01D08}.Debug|x86.Build.0 = Debug|Win32
		{338A6DED-B3C4-4294-ACDD-EB1435C01D08}.Release|x64.ActiveCfg = Release|x64
		{338A6DED-B3C4-4294-ACDD-EB1435C01D08}.Release|x64.Build.0 = Release|x64
		{338A6DED-B3C4-4294-ACDD-EB1435C01D08}.Release|x86.ActiveCfg = Release|Win32
		{338A6DED-B3C4-4294-ACDD-EB1435C01D08}.Release|x86.Build.0 = Release|Win32
	EndGlobalSection
	GlobalSection(SolutionProperties) = preSolution
		HideSolutionNode = FALSE
	EndGlobalSection
	GlobalSection(ExtensibilityGlobals) = postSolution
		SolutionGuid = {95D3BDE6-BB5B-4238-9476-CFA1AF60DDE6}
	EndGlobalSection
EndGlobal
